// !$*UTF8*$!
{
	archiveVersion = 1;
	classes = {
	};
	objectVersion = 50;
	objects = {

/* Begin PBXBuildFile section */
		9BAD963524760BE4006DCCAE /* AppDelegate.m in Sources */ = {isa = PBXBuildFile; fileRef = 9BAD963424760BE4006DCCAE /* AppDelegate.m */; };
		9BAD963824760BE4006DCCAE /* SceneDelegate.m in Sources */ = {isa = PBXBuildFile; fileRef = 9BAD963724760BE4006DCCAE /* SceneDelegate.m */; };
		9BAD963B24760BE4006DCCAE /* ViewController.m in Sources */ = {isa = PBXBuildFile; fileRef = 9BAD963A24760BE4006DCCAE /* ViewController.m */; };
		9BAD963E24760BE5006DCCAE /* Main.storyboard in Resources */ = {isa = PBXBuildFile; fileRef = 9BAD963C24760BE5006DCCAE /* Main.storyboard */; };
		9BAD964024760BE9006DCCAE /* Assets.xcassets in Resources */ = {isa = PBXBuildFile; fileRef = 9BAD963F24760BE9006DCCAE /* Assets.xcassets */; };
		9BAD964324760BE9006DCCAE /* LaunchScreen.storyboard in Resources */ = {isa = PBXBuildFile; fileRef = 9BAD964124760BE9006DCCAE /* LaunchScreen.storyboard */; };
		9BAD964624760BE9006DCCAE /* main.m in Sources */ = {isa = PBXBuildFile; fileRef = 9BAD964524760BE9006DCCAE /* main.m */; };
		9BAD965024760BE9006DCCAE /* Test01DemoTests.m in Sources */ = {isa = PBXBuildFile; fileRef = 9BAD964F24760BE9006DCCAE /* Test01DemoTests.m */; };
		9BAD965D24760CA9006DCCAE /* HSBaseView.m in Sources */ = {isa = PBXBuildFile; fileRef = 9BAD965C24760CA9006DCCAE /* HSBaseView.m */; };
		9BAD966024760CBE006DCCAE /* HSBaseViewController.m in Sources */ = {isa = PBXBuildFile; fileRef = 9BAD965F24760CBE006DCCAE /* HSBaseViewController.m */; };
/* End PBXBuildFile section */

/* Begin PBXContainerItemProxy section */
		9BAD964C24760BE9006DCCAE /* PBXContainerItemProxy */ = {
			isa = PBXContainerItemProxy;
			containerPortal = 9BAD962824760BE4006DCCAE /* Project object */;
			proxyType = 1;
			remoteGlobalIDString = 9BAD962F24760BE4006DCCAE;
			remoteInfo = Test01Demo;
		};
/* End PBXContainerItemProxy section */

/* Begin PBXFileReference section */
		9BAD963024760BE4006DCCAE /* Test01Demo.app */ = {isa = PBXFileReference; explicitFileType = wrapper.application; includeInIndex = 0; path = Test01Demo.app; sourceTree = BUILT_PRODUCTS_DIR; };
		9BAD963324760BE4006DCCAE /* AppDelegate.h */ = {isa = PBXFileReference; lastKnownFileType = sourcecode.c.h; path = AppDelegate.h; sourceTree = "<group>"; };
		9BAD963424760BE4006DCCAE /* AppDelegate.m */ = {isa = PBXFileReference; lastKnownFileType = sourcecode.c.objc; path = AppDelegate.m; sourceTree = "<group>"; };
		9BAD963624760BE4006DCCAE /* SceneDelegate.h */ = {isa = PBXFileReference; lastKnownFileType = sourcecode.c.h; path = SceneDelegate.h; sourceTree = "<group>"; };
		9BAD963724760BE4006DCCAE /* SceneDelegate.m */ = {isa = PBXFileReference; lastKnownFileType = sourcecode.c.objc; path = SceneDelegate.m; sourceTree = "<group>"; };
		9BAD963924760BE4006DCCAE /* ViewController.h */ = {isa = PBXFileReference; lastKnownFileType = sourcecode.c.h; path = ViewController.h; sourceTree = "<group>"; };
		9BAD963A24760BE4006DCCAE /* ViewController.m */ = {isa = PBXFileReference; lastKnownFileType = sourcecode.c.objc; path = ViewController.m; sourceTree = "<group>"; };
		9BAD963D24760BE5006DCCAE /* Base */ = {isa = PBXFileReference; lastKnownFileType = file.storyboard; name = Base; path = Base.lproj/Main.storyboard; sourceTree = "<group>"; };
		9BAD963F24760BE9006DCCAE /* Assets.xcassets */ = {isa = PBXFileReference; lastKnownFileType = folder.assetcatalog; path = Assets.xcassets; sourceTree = "<group>"; };
		9BAD964224760BE9006DCCAE /* Base */ = {isa = PBXFileReference; lastKnownFileType = file.storyboard; name = Base; path = Base.lproj/LaunchScreen.storyboard; sourceTree = "<group>"; };
		9BAD964424760BE9006DCCAE /* Info.plist */ = {isa = PBXFileReference; lastKnownFileType = text.plist.xml; path = Info.plist; sourceTree = "<group>"; };
		9BAD964524760BE9006DCCAE /* main.m */ = {isa = PBXFileReference; lastKnownFileType = sourcecode.c.objc; path = main.m; sourceTree = "<group>"; };
		9BAD964B24760BE9006DCCAE /* Test01DemoTests.xctest */ = {isa = PBXFileReference; explicitFileType = wrapper.cfbundle; includeInIndex = 0; path = Test01DemoTests.xctest; sourceTree = BUILT_PRODUCTS_DIR; };
		9BAD964F24760BE9006DCCAE /* Test01DemoTests.m */ = {isa = PBXFileReference; lastKnownFileType = sourcecode.c.objc; path = Test01DemoTests.m; sourceTree = "<group>"; };
		9BAD965124760BE9006DCCAE /* Info.plist */ = {isa = PBXFileReference; lastKnownFileType = text.plist.xml; path = Info.plist; sourceTree = "<group>"; };
		9BAD965B24760CA9006DCCAE /* HSBaseView.h */ = {isa = PBXFileReference; lastKnownFileType = sourcecode.c.h; path = HSBaseView.h; sourceTree = "<group>"; };
		9BAD965C24760CA9006DCCAE /* HSBaseView.m */ = {isa = PBXFileReference; lastKnownFileType = sourcecode.c.objc; path = HSBaseView.m; sourceTree = "<group>"; };
		9BAD965E24760CBE006DCCAE /* HSBaseViewController.h */ = {isa = PBXFileReference; lastKnownFileType = sourcecode.c.h; path = HSBaseViewController.h; sourceTree = "<group>"; };
		9BAD965F24760CBE006DCCAE /* HSBaseViewController.m */ = {isa = PBXFileReference; lastKnownFileType = sourcecode.c.objc; path = HSBaseViewController.m; sourceTree = "<group>"; };
/* End PBXFileReference section */

/* Begin PBXFrameworksBuildPhase section */
		9BAD962D24760BE4006DCCAE /* Frameworks */ = {
			isa = PBXFrameworksBuildPhase;
			buildActionMask = 2147483647;
			files = (
			);
			runOnlyForDeploymentPostprocessing = 0;
		};
		9BAD964824760BE9006DCCAE /* Frameworks */ = {
			isa = PBXFrameworksBuildPhase;
			buildActionMask = 2147483647;
			files = (
			);
			runOnlyForDeploymentPostprocessing = 0;
		};
/* End PBXFrameworksBuildPhase section */

/* Begin PBXGroup section */
		9BAD962724760BE4006DCCAE = {
			isa = PBXGroup;
			children = (
				9BAD963224760BE4006DCCAE /* Test01Demo */,
				9BAD964E24760BE9006DCCAE /* Test01DemoTests */,
				9BAD963124760BE4006DCCAE /* Products */,
			);
			sourceTree = "<group>";
		};
		9BAD963124760BE4006DCCAE /* Products */ = {
			isa = PBXGroup;
			children = (
				9BAD963024760BE4006DCCAE /* Test01Demo.app */,
				9BAD964B24760BE9006DCCAE /* Test01DemoTests.xctest */,
			);
			name = Products;
			sourceTree = "<group>";
		};
		9BAD963224760BE4006DCCAE /* Test01Demo */ = {
			isa = PBXGroup;
			children = (
				9BAD963324760BE4006DCCAE /* AppDelegate.h */,
				9BAD963424760BE4006DCCAE /* AppDelegate.m */,
				9BAD963624760BE4006DCCAE /* SceneDelegate.h */,
				9BAD963724760BE4006DCCAE /* SceneDelegate.m */,
				9BAD963924760BE4006DCCAE /* ViewController.h */,
				9BAD963A24760BE4006DCCAE /* ViewController.m */,
				9BAD965A24760C8F006DCCAE /* Test01 */,
				9BAD963C24760BE5006DCCAE /* Main.storyboard */,
				9BAD963F24760BE9006DCCAE /* Assets.xcassets */,
				9BAD964124760BE9006DCCAE /* LaunchScreen.storyboard */,
				9BAD964424760BE9006DCCAE /* Info.plist */,
				9BAD964524760BE9006DCCAE /* main.m */,
			);
			path = Test01Demo;
			sourceTree = "<group>";
		};
		9BAD964E24760BE9006DCCAE /* Test01DemoTests */ = {
			isa = PBXGroup;
			children = (
				9BAD964F24760BE9006DCCAE /* Test01DemoTests.m */,
				9BAD965124760BE9006DCCAE /* Info.plist */,
			);
			path = Test01DemoTests;
			sourceTree = "<group>";
		};
		9BAD965A24760C8F006DCCAE /* Test01 */ = {
			isa = PBXGroup;
			children = (
				9BAD965B24760CA9006DCCAE /* HSBaseView.h */,
				9BAD965C24760CA9006DCCAE /* HSBaseView.m */,
				9BAD965E24760CBE006DCCAE /* HSBaseViewController.h */,
				9BAD965F24760CBE006DCCAE /* HSBaseViewController.m */,
			);
			path = Test01;
			sourceTree = "<group>";
		};
/* End PBXGroup section */

/* Begin PBXNativeTarget section */
		9BAD962F24760BE4006DCCAE /* Test01Demo */ = {
			isa = PBXNativeTarget;
			buildConfigurationList = 9BAD965424760BE9006DCCAE /* Build configuration list for PBXNativeTarget "Test01Demo" */;
			buildPhases = (
				9BAD962C24760BE4006DCCAE /* Sources */,
				9BAD962D24760BE4006DCCAE /* Frameworks */,
				9BAD962E24760BE4006DCCAE /* Resources */,
			);
			buildRules = (
			);
			dependencies = (
			);
			name = Test01Demo;
			productName = Test01Demo;
			productReference = 9BAD963024760BE4006DCCAE /* Test01Demo.app */;
			productType = "com.apple.product-type.application";
		};
		9BAD964A24760BE9006DCCAE /* Test01DemoTests */ = {
			isa = PBXNativeTarget;
			buildConfigurationList = 9BAD965724760BE9006DCCAE /* Build configuration list for PBXNativeTarget "Test01DemoTests" */;
			buildPhases = (
				9BAD964724760BE9006DCCAE /* Sources */,
				9BAD964824760BE9006DCCAE /* Frameworks */,
				9BAD964924760BE9006DCCAE /* Resources */,
			);
			buildRules = (
			);
			dependencies = (
				9BAD964D24760BE9006DCCAE /* PBXTargetDependency */,
			);
			name = Test01DemoTests;
			productName = Test01DemoTests;
			productReference = 9BAD964B24760BE9006DCCAE /* Test01DemoTests.xctest */;
			productType = "com.apple.product-type.bundle.unit-test";
		};
/* End PBXNativeTarget section */

/* Begin PBXProject section */
		9BAD962824760BE4006DCCAE /* Project object */ = {
			isa = PBXProject;
			attributes = {
				LastUpgradeCheck = 1140;
				ORGANIZATIONNAME = farben;
				TargetAttributes = {
					9BAD962F24760BE4006DCCAE = {
						CreatedOnToolsVersion = 11.4.1;
					};
					9BAD964A24760BE9006DCCAE = {
						CreatedOnToolsVersion = 11.4.1;
						TestTargetID = 9BAD962F24760BE4006DCCAE;
					};
				};
			};
			buildConfigurationList = 9BAD962B24760BE4006DCCAE /* Build configuration list for PBXProject "Test01Demo" */;
			compatibilityVersion = "Xcode 9.3";
			developmentRegion = en;
			hasScannedForEncodings = 0;
			knownRegions = (
				en,
				Base,
			);
			mainGroup = 9BAD962724760BE4006DCCAE;
			productRefGroup = 9BAD963124760BE4006DCCAE /* Products */;
			projectDirPath = "";
			projectRoot = "";
			targets = (
				9BAD962F24760BE4006DCCAE /* Test01Demo */,
				9BAD964A24760BE9006DCCAE /* Test01DemoTests */,
			);
		};
/* End PBXProject section */

/* Begin PBXResourcesBuildPhase section */
		9BAD962E24760BE4006DCCAE /* Resources */ = {
			isa = PBXResourcesBuildPhase;
			buildActionMask = 2147483647;
			files = (
				9BAD964324760BE9006DCCAE /* LaunchScreen.storyboard in Resources */,
				9BAD964024760BE9006DCCAE /* Assets.xcassets in Resources */,
				9BAD963E24760BE5006DCCAE /* Main.storyboard in Resources */,
			);
			runOnlyForDeploymentPostprocessing = 0;
		};
		9BAD964924760BE9006DCCAE /* Resources */ = {
			isa = PBXResourcesBuildPhase;
			buildActionMask = 2147483647;
			files = (
			);
			runOnlyForDeploymentPostprocessing = 0;
		};
/* End PBXResourcesBuildPhase section */

/* Begin PBXSourcesBuildPhase section */
		9BAD962C24760BE4006DCCAE /* Sources */ = {
			isa = PBXSourcesBuildPhase;
			buildActionMask = 2147483647;
			files = (
				9BAD963B24760BE4006DCCAE /* ViewController.m in Sources */,
				9BAD963524760BE4006DCCAE /* AppDelegate.m in Sources */,
				9BAD966024760CBE006DCCAE /* HSBaseViewController.m in Sources */,
				9BAD964624760BE9006DCCAE /* main.m in Sources */,
				9BAD963824760BE4006DCCAE /* SceneDelegate.m in Sources */,
				9BAD965D24760CA9006DCCAE /* HSBaseView.m in Sources */,
			);
			runOnlyForDeploymentPostprocessing = 0;
		};
		9BAD964724760BE9006DCCAE /* Sources */ = {
			isa = PBXSourcesBuildPhase;
			buildActionMask = 2147483647;
			files = (
				9BAD965024760BE9006DCCAE /* Test01DemoTests.m in Sources */,
			);
			runOnlyForDeploymentPostprocessing = 0;
		};
/* End PBXSourcesBuildPhase section */

/* Begin PBXTargetDependency section */
		9BAD964D24760BE9006DCCAE /* PBXTargetDependency */ = {
			isa = PBXTargetDependency;
			target = 9BAD962F24760BE4006DCCAE /* Test01Demo */;
			targetProxy = 9BAD964C24760BE9006DCCAE /* PBXContainerItemProxy */;
		};
/* End PBXTargetDependency section */

/* Begin PBXVariantGroup section */
		9BAD963C24760BE5006DCCAE /* Main.storyboard */ = {
			isa = PBXVariantGroup;
			children = (
				9BAD963D24760BE5006DCCAE /* Base */,
			);
			name = Main.storyboard;
			sourceTree = "<group>";
		};
		9BAD964124760BE9006DCCAE /* LaunchScreen.storyboard */ = {
			isa = PBXVariantGroup;
			children = (
				9BAD964224760BE9006DCCAE /* Base */,
			);
			name = LaunchScreen.storyboard;
			sourceTree = "<group>";
		};
/* End PBXVariantGroup section */

/* Begin XCBuildConfiguration section */
		9BAD965224760BE9006DCCAE /* Debug */ = {
			isa = XCBuildConfiguration;
			buildSettings = {
				ALWAYS_SEARCH_USER_PATHS = NO;
				CLANG_ANALYZER_NONNULL = YES;
				CLANG_ANALYZER_NUMBER_OBJECT_CONVERSION = YES_AGGRESSIVE;
				CLANG_CXX_LANGUAGE_STANDARD = "gnu++14";
				CLANG_CXX_LIBRARY = "libc++";
				CLANG_ENABLE_MODULES = YES;
				CLANG_ENABLE_OBJC_ARC = YES;
				CLANG_ENABLE_OBJC_WEAK = YES;
				CLANG_WARN_BLOCK_CAPTURE_AUTORELEASING = YES;
				CLANG_WARN_BOOL_CONVERSION = YES;
				CLANG_WARN_COMMA = YES;
				CLANG_WARN_CONSTANT_CONVERSION = YES;
				CLANG_WARN_DEPRECATED_OBJC_IMPLEMENTATIONS = YES;
				CLANG_WARN_DIRECT_OBJC_ISA_USAGE = YES_ERROR;
				CLANG_WARN_DOCUMENTATION_COMMENTS = YES;
				CLANG_WARN_EMPTY_BODY = YES;
				CLANG_WARN_ENUM_CONVERSION = YES;
				CLANG_WARN_INFINITE_RECURSION = YES;
				CLANG_WARN_INT_CONVERSION = YES;
				CLANG_WARN_NON_LITERAL_NULL_CONVERSION = YES;
				CLANG_WARN_OBJC_IMPLICIT_RETAIN_SELF = YES;
				CLANG_WARN_OBJC_LITERAL_CONVERSION = YES;
				CLANG_WARN_OBJC_ROOT_CLASS = YES_ERROR;
				CLANG_WARN_RANGE_LOOP_ANALYSIS = YES;
				CLANG_WARN_STRICT_PROTOTYPES = YES;
				CLANG_WARN_SUSPICIOUS_MOVE = YES;
				CLANG_WARN_UNGUARDED_AVAILABILITY = YES_AGGRESSIVE;
				CLANG_WARN_UNREACHABLE_CODE = YES;
				CLANG_WARN__DUPLICATE_METHOD_MATCH = YES;
				COPY_PHASE_STRIP = NO;
				DEBUG_INFORMATION_FORMAT = dwarf;
				ENABLE_STRICT_OBJC_MSGSEND = YES;
				ENABLE_TESTABILITY = YES;
				GCC_C_LANGUAGE_STANDARD = gnu11;
				GCC_DYNAMIC_NO_PIC = NO;
				GCC_NO_COMMON_BLOCKS = YES;
				GCC_OPTIMIZATION_LEVEL = 0;
				GCC_PREPROCESSOR_DEFINITIONS = (
					"DEBUG=1",
					"$(inherited)",
				);
				GCC_WARN_64_TO_32_BIT_CONVERSION = YES;
				GCC_WARN_ABOUT_RETURN_TYPE = YES_ERROR;
				GCC_WARN_UNDECLARED_SELECTOR = YES;
				GCC_WARN_UNINITIALIZED_AUTOS = YES_AGGRESSIVE;
				GCC_WARN_UNUSED_FUNCTION = YES;
				GCC_WARN_UNUSED_VARIABLE = YES;
				IPHONEOS_DEPLOYMENT_TARGET = 13.4;
				MTL_ENABLE_DEBUG_INFO = INCLUDE_SOURCE;
				MTL_FAST_MATH = YES;
				ONLY_ACTIVE_ARCH = YES;
				SDKROOT = iphoneos;
			};
			name = Debug;
		};
		9BAD965324760BE9006DCCAE /* Release */ = {
			isa = XCBuildConfiguration;
			buildSettings = {
				ALWAYS_SEARCH_USER_PATHS = NO;
				CLANG_ANALYZER_NONNULL = YES;
				CLANG_ANALYZER_NUMBER_OBJECT_CONVERSION = YES_AGGRESSIVE;
				CLANG_CXX_LANGUAGE_STANDARD = "gnu++14";
				CLANG_CXX_LIBRARY = "libc++";
				CLANG_ENABLE_MODULES = YES;
				CLANG_ENABLE_OBJC_ARC = YES;
				CLANG_ENABLE_OBJC_WEAK = YES;
				CLANG_WARN_BLOCK_CAPTURE_AUTORELEASING = YES;
				CLANG_WARN_BOOL_CONVERSION = YES;
				CLANG_WARN_COMMA = YES;
				CLANG_WARN_CONSTANT_CONVERSION = YES;
				CLANG_WARN_DEPRECATED_OBJC_IMPLEMENTATIONS = YES;
				CLANG_WARN_DIRECT_OBJC_ISA_USAGE = YES_ERROR;
				CLANG_WARN_DOCUMENTATION_COMMENTS = YES;
				CLANG_WARN_EMPTY_BODY = YES;
				CLANG_WARN_ENUM_CONVERSION = YES;
				CLANG_WARN_INFINITE_RECURSION = YES;
				CLANG_WARN_INT_CONVERSION = YES;
				CLANG_WARN_NON_LITERAL_NULL_CONVERSION = YES;
				CLANG_WARN_OBJC_IMPLICIT_RETAIN_SELF = YES;
				CLANG_WARN_OBJC_LITERAL_CONVERSION = YES;
				CLANG_WARN_OBJC_ROOT_CLASS = YES_ERROR;
				CLANG_WARN_RANGE_LOOP_ANALYSIS = YES;
				CLANG_WARN_STRICT_PROTOTYPES = YES;
				CLANG_WARN_SUSPICIOUS_MOVE = YES;
				CLANG_WARN_UNGUARDED_AVAILABILITY = YES_AGGRESSIVE;
				CLANG_WARN_UNREACHABLE_CODE = YES;
				CLANG_WARN__DUPLICATE_METHOD_MATCH = YES;
				COPY_PHASE_STRIP = NO;
				DEBUG_INFORMATION_FORMAT = "dwarf-with-dsym";
				ENABLE_NS_ASSERTIONS = NO;
				ENABLE_STRICT_OBJC_MSGSEND = YES;
				GCC_C_LANGUAGE_STANDARD = gnu11;
				GCC_NO_COMMON_BLOCKS = YES;
				GCC_WARN_64_TO_32_BIT_CONVERSION = YES;
				GCC_WARN_ABOUT_RETURN_TYPE = YES_ERROR;
				GCC_WARN_UNDECLARED_SELECTOR = YES;
				GCC_WARN_UNINITIALIZED_AUTOS = YES_AGGRESSIVE;
				GCC_WARN_UNUSED_FUNCTION = YES;
				GCC_WARN_UNUSED_VARIABLE = YES;
				IPHONEOS_DEPLOYMENT_TARGET = 13.4;
				MTL_ENABLE_DEBUG_INFO = NO;
				MTL_FAST_MATH = YES;
				SDKROOT = iphoneos;
				VALIDATE_PRODUCT = YES;
			};
			name = Release;
		};
		9BAD965524760BE9006DCCAE /* Debug */ = {
			isa = XCBuildConfiguration;
			buildSettings = {
				ASSETCATALOG_COMPILER_APPICON_NAME = AppIcon;
				CODE_SIGN_STYLE = Automatic;
				DEVELOPMENT_TEAM = CYHUA8SZF6;
				INFOPLIST_FILE = Test01Demo/Info.plist;
				LD_RUNPATH_SEARCH_PATHS = (
					"$(inherited)",
					"@executable_path/Frameworks",
				);
				PRODUCT_BUNDLE_IDENTIFIER = com.yixing.Test01Demo;
				PRODUCT_NAME = "$(TARGET_NAME)";
				TARGETED_DEVICE_FAMILY = "1,2";
			};
			name = Debug;
		};
		9BAD965624760BE9006DCCAE /* Release */ = {
			isa = XCBuildConfiguration;
			buildSettings = {
				ASSETCATALOG_COMPILER_APPICON_NAME = AppIcon;
				CODE_SIGN_STYLE = Automatic;
				DEVELOPMENT_TEAM = CYHUA8SZF6;
				INFOPLIST_FILE = Test01Demo/Info.plist;
				LD_RUNPATH_SEARCH_PATHS = (
					"$(inherited)",
					"@executable_path/Frameworks",
				);
				PRODUCT_BUNDLE_IDENTIFIER = com.yixing.Test01Demo;
				PRODUCT_NAME = "$(TARGET_NAME)";
				TARGETED_DEVICE_FAMILY = "1,2";
			};
			name = Release;
		};
		9BAD965824760BE9006DCCAE /* Debug */ = {
			isa = XCBuildConfiguration;
			buildSettings = {
				BUNDLE_LOADER = "$(TEST_HOST)";
				CODE_SIGN_STYLE = Automatic;
				DEVELOPMENT_TEAM = CYHUA8SZF6;
				INFOPLIST_FILE = Test01DemoTests/Info.plist;
				IPHONEOS_DEPLOYMENT_TARGET = 13.4;
				LD_RUNPATH_SEARCH_PATHS = (
					"$(inherited)",
					"@executable_path/Frameworks",
					"@loader_path/Frameworks",
				);
				PRODUCT_BUNDLE_IDENTIFIER = com.yixing.Test01DemoTests;
				PRODUCT_NAME = "$(TARGET_NAME)";
				TARGETED_DEVICE_FAMILY = "1,2";
				TEST_HOST = "$(BUILT_PRODUCTS_DIR)/Test01Demo.app/Test01Demo";
			};
			name = Debug;
		};
		9BAD965924760BE9006DCCAE /* Release */ = {
			isa = XCBuildConfiguration;
			buildSettings = {
				BUNDLE_LOADER = "$(TEST_HOST)";
				CODE_SIGN_STYLE = Automatic;
				DEVELOPMENT_TEAM = CYHUA8SZF6;
				INFOPLIST_FILE = Test01DemoTests/Info.plist;
				IPHONEOS_DEPLOYMENT_TARGET = 13.4;
				LD_RUNPATH_SEARCH_PATHS = (
					"$(inherited)",
					"@executable_path/Frameworks",
					"@loader_path/Frameworks",
				);
				PRODUCT_BUNDLE_IDENTIFIER = com.yixing.Test01DemoTests;
				PRODUCT_NAME = "$(TARGET_NAME)";
				TARGETED_DEVICE_FAMILY = "1,2";
				TEST_HOST = "$(BUILT_PRODUCTS_DIR)/Test01Demo.app/Test01Demo";
			};
			name = Release;
		};
/* End XCBuildConfiguration section */

/* Begin XCConfigurationList section */
		9BAD962B24760BE4006DCCAE /* Build configuration list for PBXProject "Test01Demo" */ = {
			isa = XCConfigurationList;
			buildConfigurations = (
				9BAD965224760BE9006DCCAE /* Debug */,
				9BAD965324760BE9006DCCAE /* Release */,
			);
			defaultConfigurationIsVisible = 0;
			defaultConfigurationName = Release;
		};
		9BAD965424760BE9006DCCAE /* Build configuration list for PBXNativeTarget "Test01Demo" */ = {
			isa = XCConfigurationList;
			buildConfigurations = (
				9BAD965524760BE9006DCCAE /* Debug */,
				9BAD965624760BE9006DCCAE /* Release */,
			);
			defaultConfigurationIsVisible = 0;
			defaultConfigurationName = Release;
		};
		9BAD965724760BE9006DCCAE /* Build configuration list for PBXNativeTarget "Test01DemoTests" */ = {
			isa = XCConfigurationList;
			buildConfigurations = (
				9BAD965824760BE9006DCCAE /* Debug */,
				9BAD965924760BE9006DCCAE /* Release */,
			);
			defaultConfigurationIsVisible = 0;
			defaultConfigurationName = Release;
		};
/* End XCConfigurationList section */
	};
	rootObject = 9BAD962824760BE4006DCCAE /* Project object */;
}
